
Microsoft Visual Studio Solution File, Format Version 12.00
# Visual Studio Version 17
VisualStudioVersion = 17.12.35527.113
MinimumVisualStudioVersion = 10.0.40219.1
Project("{FAE04EC0-301F-11D3-BF4B-00C04F79EFBC}") = "SharedKernel", "SharedKernel\SharedKernel.csproj", "{BE53CE02-7C3A-4A1D-A598-4ADAAEC30B0F}"
EndProject
Project("{FAE04EC0-301F-11D3-BF4B-00C04F79EFBC}") = "AuthService", "AuthService\AuthService.csproj", "{A461AB3B-086E-4E96-A192-C58797524F96}"
EndProject
Project("{FAE04EC0-301F-11D3-BF4B-00C04F79EFBC}") = "VisitorService", "VisitorService\VisitorService.csproj", "{62AF93C5-6DA4-41DF-B90B-D30BB87CFFBF}"
EndProject
Project("{FAE04EC0-301F-11D3-BF4B-00C04F79EFBC}") = "NotificationService", "NotificationService\NotificationService.csproj", "{720693A5-9F55-4E38-81C1-DE630B492F80}"
EndProject
Global
	GlobalSection(SolutionConfigurationPlatforms) = preSolution
		Debug|Any CPU = Debug|Any CPU
		Release|Any CPU = Release|Any CPU
	EndGlobalSection
	GlobalSection(ProjectConfigurationPlatforms) = postSolution
		{BE53CE02-7C3A-4A1D-A598-4ADAAEC30B0F}.Debug|Any CPU.ActiveCfg = Debug|Any CPU
		{BE53CE02-7C3A-4A1D-A598-4ADAAEC30B0F}.Debug|Any CPU.Build.0 = Debug|Any CPU
		{BE53CE02-7C3A-4A1D-A598-4ADAAEC30B0F}.Release|Any CPU.ActiveCfg = Release|Any CPU
		{BE53CE02-7C3A-4A1D-A598-4ADAAEC30B0F}.Release|Any CPU.Build.0 = Release|Any CPU
		{A461AB3B-086E-4E96-A192-C58797524F96}.Debug|Any CPU.ActiveCfg = Debug|Any CPU
		{A461AB3B-086E-4E96-A192-C58797524F96}.Debug|Any CPU.Build.0 = Debug|Any CPU
		{A461AB3B-086E-4E96-A192-C58797524F96}.Release|Any CPU.ActiveCfg = Release|Any CPU
		{A461AB3B-086E-4E96-A192-C58797524F96}.Release|Any CPU.Build.0 = Release|Any CPU
		{62AF93C5-6DA4-41DF-B90B-D30BB87CFFBF}.Debug|Any CPU.ActiveCfg = Debug|Any CPU
		{62AF93C5-6DA4-41DF-B90B-D30BB87CFFBF}.Debug|Any CPU.Build.0 = Debug|Any CPU
		{62AF93C5-6DA4-41DF-B90B-D30BB87CFFBF}.Release|Any CPU.ActiveCfg = Release|Any CPU
		{62AF93C5-6DA4-41DF-B90B-D30BB87CFFBF}.Release|Any CPU.Build.0 = Release|Any CPU
		{720693A5-9F55-4E38-81C1-DE630B492F80}.Debug|Any CPU.ActiveCfg = Debug|Any CPU
		{720693A5-9F55-4E38-81C1-DE630B492F80}.Debug|Any CPU.Build.0 = Debug|Any CPU
		{720693A5-9F55-4E38-81C1-DE630B492F80}.Release|Any CPU.ActiveCfg = Release|Any CPU
		{720693A5-9F55-4E38-81C1-DE630B492F80}.Release|Any CPU.Build.0 = Release|Any CPU
	EndGlobalSection
	GlobalSection(SolutionProperties) = preSolution
		HideSolutionNode = FALSE
	EndGlobalSection
EndGlobal
